
Microsoft Visual Studio Solution File, Format Version 12.00
# Visual Studio Version 16
VisualStudioVersion = 16.0.29503.13
MinimumVisualStudioVersion = 10.0.40219.1
Project("{FAE04EC0-301F-11D3-BF4B-00C04F79EFBC}") = "MovieRecommendationSystem", "MovieRecommendationSystem\MovieRecommendationSystem.csproj", "{097CB777-19E9-431D-A1A5-1FB70B4D6605}"
EndProject
Global
	GlobalSection(SolutionConfigurationPlatforms) = preSolution
		Debug|Any CPU = Debug|Any CPU
		Release|Any CPU = Release|Any CPU
	EndGlobalSection
	GlobalSection(ProjectConfigurationPlatforms) = postSolution
		{097CB777-19E9-431D-A1A5-1FB70B4D6605}.Debug|Any CPU.ActiveCfg = Debug|Any CPU
		{097CB777-19E9-431D-A1A5-1FB70B4D6605}.Debug|Any CPU.Build.0 = Debug|Any CPU
		{097CB777-19E9-431D-A1A5-1FB70B4D6605}.Release|Any CPU.ActiveCfg = Release|Any CPU
		{097CB777-19E9-431D-A1A5-1FB70B4D6605}.Release|Any CPU.Build.0 = Release|Any CPU
	EndGlobalSection
	GlobalSection(SolutionProperties) = preSolution
		HideSolutionNode = FALSE
	EndGlobalSection
	GlobalSection(ExtensibilityGlobals) = postSolution
		SolutionGuid = {7348BD99-ACA9-4E20-B37E-B0376DDEE941}
	EndGlobalSection
EndGlobal
